{
  "object": {
    "pins": [
      {
        "package": "LoremSwiftum",
        "repositoryURL": "https://github.com/lukaskubanek/LoremSwiftum.git",
        "state": {
          "branch": null,
          "revision": "eef89bf8b9937462f9c493789609897763b383e2",
          "version": "2.2.1"
        }
      },
      {
        "package": "Stringy",
        "repositoryURL": "https://github.com/salishseasoftware/Stringy.git",
        "state": {
          "branch": null,
          "revision": "17254b8e1478f3d3032fbad8abf42f8fa52d148d",
          "version": "1.0.0"
        }
      },
      {
        "package": "swift-argument-parser",
        "repositoryURL": "https://github.com/apple/swift-argument-parser",
        "state": {
          "branch": null,
          "revision": "f3c9084a71ef4376f2fabbdf1d3d90a49f1fabdb",
          "version": "1.1.2"
        }
      }
    ]
  },
  "version": 1
}
